// !$*UTF8*$!
{
	archiveVersion = 1;
	classes = {
	};
	objectVersion = 52;
	objects = {

/* Begin PBXBuildFile section */
		C72F3B4E23477FE1005E017B /* Commander in Frameworks */ = {isa = PBXBuildFile; productRef = C72F3B4D23477FE1005E017B /* Commander */; };
		C72F3B502347903B005E017B /* functions.swift in Sources */ = {isa = PBXBuildFile; fileRef = C72F3B4F2347903B005E017B /* functions.swift */; };
		C757BB3223475A3300D1E072 /* main.swift in Sources */ = {isa = PBXBuildFile; fileRef = C757BB3123475A3300D1E072 /* main.swift */; };
		C757BB3A23475DB700D1E072 /* CryptoSwift in Frameworks */ = {isa = PBXBuildFile; productRef = C757BB3923475DB700D1E072 /* CryptoSwift */; };
		C757BB3D23476BF300D1E072 /* ZIPFoundation in Frameworks */ = {isa = PBXBuildFile; productRef = C757BB3C23476BF300D1E072 /* ZIPFoundation */; };
		C757BB41234771D700D1E072 /* AppleBooksDisplayOptions.swift in Sources */ = {isa = PBXBuildFile; fileRef = C757BB40234771D700D1E072 /* AppleBooksDisplayOptions.swift */; };
/* End PBXBuildFile section */

/* Begin PBXCopyFilesBuildPhase section */
		C757BB2C23475A3300D1E072 /* CopyFiles */ = {
			isa = PBXCopyFilesBuildPhase;
			buildActionMask = 2147483647;
			dstPath = /usr/share/man/man1/;
			dstSubfolderSpec = 0;
			files = (
			);
			runOnlyForDeploymentPostprocessing = 1;
		};
/* End PBXCopyFilesBuildPhase section */

/* Begin PBXFileReference section */
		C72F3B4F2347903B005E017B /* functions.swift */ = {isa = PBXFileReference; lastKnownFileType = sourcecode.swift; path = functions.swift; sourceTree = "<group>"; };
		C757BB2E23475A3300D1E072 /* RidibooksDRMRemover */ = {isa = PBXFileReference; explicitFileType = "compiled.mach-o.executable"; includeInIndex = 0; path = RidibooksDRMRemover; sourceTree = BUILT_PRODUCTS_DIR; };
		C757BB3123475A3300D1E072 /* main.swift */ = {isa = PBXFileReference; lastKnownFileType = sourcecode.swift; path = main.swift; sourceTree = "<group>"; };
		C757BB40234771D700D1E072 /* AppleBooksDisplayOptions.swift */ = {isa = PBXFileReference; lastKnownFileType = sourcecode.swift; path = AppleBooksDisplayOptions.swift; sourceTree = "<group>"; };
/* End PBXFileReference section */

/* Begin PBXFrameworksBuildPhase section */
		C757BB2B23475A3300D1E072 /* Frameworks */ = {
			isa = PBXFrameworksBuildPhase;
			buildActionMask = 2147483647;
			files = (
				C757BB3A23475DB700D1E072 /* CryptoSwift in Frameworks */,
				C72F3B4E23477FE1005E017B /* Commander in Frameworks */,
				C757BB3D23476BF300D1E072 /* ZIPFoundation in Frameworks */,
			);
			runOnlyForDeploymentPostprocessing = 0;
		};
/* End PBXFrameworksBuildPhase section */

/* Begin PBXGroup section */
		C757BB2523475A3300D1E072 = {
			isa = PBXGroup;
			children = (
				C757BB3023475A3300D1E072 /* RidibooksDRMRemover */,
				C757BB2F23475A3300D1E072 /* Products */,
			);
			sourceTree = "<group>";
		};
		C757BB2F23475A3300D1E072 /* Products */ = {
			isa = PBXGroup;
			children = (
				C757BB2E23475A3300D1E072 /* RidibooksDRMRemover */,
			);
			name = Products;
			sourceTree = "<group>";
		};
		C757BB3023475A3300D1E072 /* RidibooksDRMRemover */ = {
			isa = PBXGroup;
			children = (
				C757BB3123475A3300D1E072 /* main.swift */,
				C72F3B4F2347903B005E017B /* functions.swift */,
				C757BB40234771D700D1E072 /* AppleBooksDisplayOptions.swift */,
			);
			path = RidibooksDRMRemover;
			sourceTree = "<group>";
		};
/* End PBXGroup section */

/* Begin PBXNativeTarget section */
		C757BB2D23475A3300D1E072 /* RidibooksDRMRemover */ = {
			isa = PBXNativeTarget;
			buildConfigurationList = C757BB3523475A3300D1E072 /* Build configuration list for PBXNativeTarget "RidibooksDRMRemover" */;
			buildPhases = (
				C757BB2A23475A3300D1E072 /* Sources */,
				C757BB2B23475A3300D1E072 /* Frameworks */,
				C757BB2C23475A3300D1E072 /* CopyFiles */,
			);
			buildRules = (
			);
			dependencies = (
			);
			name = RidibooksDRMRemover;
			packageProductDependencies = (
				C757BB3923475DB700D1E072 /* CryptoSwift */,
				C757BB3C23476BF300D1E072 /* ZIPFoundation */,
				C72F3B4D23477FE1005E017B /* Commander */,
			);
			productName = RidibooksDRMRemover;
			productReference = C757BB2E23475A3300D1E072 /* RidibooksDRMRemover */;
			productType = "com.apple.product-type.tool";
		};
/* End PBXNativeTarget section */

/* Begin PBXProject section */
		C757BB2623475A3300D1E072 /* Project object */ = {
			isa = PBXProject;
			attributes = {
				LastSwiftUpdateCheck = 1100;
				LastUpgradeCheck = 1100;
				ORGANIZATIONNAME = Stleam;
				TargetAttributes = {
					C757BB2D23475A3300D1E072 = {
						CreatedOnToolsVersion = 11.0;
					};
				};
			};
			buildConfigurationList = C757BB2923475A3300D1E072 /* Build configuration list for PBXProject "RidibooksDRMRemover" */;
			compatibilityVersion = "Xcode 9.3";
			developmentRegion = en;
			hasScannedForEncodings = 0;
			knownRegions = (
				en,
				Base,
			);
			mainGroup = C757BB2523475A3300D1E072;
			packageReferences = (
				C757BB3823475DB700D1E072 /* XCRemoteSwiftPackageReference "CryptoSwift" */,
				C757BB3B23476BF300D1E072 /* XCRemoteSwiftPackageReference "ZIPFoundation" */,
				C72F3B4C23477FE1005E017B /* XCRemoteSwiftPackageReference "Commander" */,
			);
			productRefGroup = C757BB2F23475A3300D1E072 /* Products */;
			projectDirPath = "";
			projectRoot = "";
			targets = (
				C757BB2D23475A3300D1E072 /* RidibooksDRMRemover */,
			);
		};
/* End PBXProject section */

/* Begin PBXSourcesBuildPhase section */
		C757BB2A23475A3300D1E072 /* Sources */ = {
			isa = PBXSourcesBuildPhase;
			buildActionMask = 2147483647;
			files = (
				C757BB3223475A3300D1E072 /* main.swift in Sources */,
				C757BB41234771D700D1E072 /* AppleBooksDisplayOptions.swift in Sources */,
				C72F3B502347903B005E017B /* functions.swift in Sources */,
			);
			runOnlyForDeploymentPostprocessing = 0;
		};
/* End PBXSourcesBuildPhase section */

/* Begin XCBuildConfiguration section */
		C757BB3323475A3300D1E072 /* Debug */ = {
			isa = XCBuildConfiguration;
			buildSettings = {
				ALWAYS_SEARCH_USER_PATHS = NO;
				CLANG_ANALYZER_NONNULL = YES;
				CLANG_ANALYZER_NUMBER_OBJECT_CONVERSION = YES_AGGRESSIVE;
				CLANG_CXX_LANGUAGE_STANDARD = "gnu++14";
				CLANG_CXX_LIBRARY = "libc++";
				CLANG_ENABLE_MODULES = YES;
				CLANG_ENABLE_OBJC_ARC = YES;
				CLANG_ENABLE_OBJC_WEAK = YES;
				CLANG_WARN_BLOCK_CAPTURE_AUTORELEASING = YES;
				CLANG_WARN_BOOL_CONVERSION = YES;
				CLANG_WARN_COMMA = YES;
				CLANG_WARN_CONSTANT_CONVERSION = YES;
				CLANG_WARN_DEPRECATED_OBJC_IMPLEMENTATIONS = YES;
				CLANG_WARN_DIRECT_OBJC_ISA_USAGE = YES_ERROR;
				CLANG_WARN_DOCUMENTATION_COMMENTS = YES;
				CLANG_WARN_EMPTY_BODY = YES;
				CLANG_WARN_ENUM_CONVERSION = YES;
				CLANG_WARN_INFINITE_RECURSION = YES;
				CLANG_WARN_INT_CONVERSION = YES;
				CLANG_WARN_NON_LITERAL_NULL_CONVERSION = YES;
				CLANG_WARN_OBJC_IMPLICIT_RETAIN_SELF = YES;
				CLANG_WARN_OBJC_LITERAL_CONVERSION = YES;
				CLANG_WARN_OBJC_ROOT_CLASS = YES_ERROR;
				CLANG_WARN_RANGE_LOOP_ANALYSIS = YES;
				CLANG_WARN_STRICT_PROTOTYPES = YES;
				CLANG_WARN_SUSPICIOUS_MOVE = YES;
				CLANG_WARN_UNGUARDED_AVAILABILITY = YES_AGGRESSIVE;
				CLANG_WARN_UNREACHABLE_CODE = YES;
				CLANG_WARN__DUPLICATE_METHOD_MATCH = YES;
				COPY_PHASE_STRIP = NO;
				DEBUG_INFORMATION_FORMAT = dwarf;
				ENABLE_STRICT_OBJC_MSGSEND = YES;
				ENABLE_TESTABILITY = YES;
				GCC_C_LANGUAGE_STANDARD = gnu11;
				GCC_DYNAMIC_NO_PIC = NO;
				GCC_NO_COMMON_BLOCKS = YES;
				GCC_OPTIMIZATION_LEVEL = 0;
				GCC_PREPROCESSOR_DEFINITIONS = (
					"DEBUG=1",
					"$(inherited)",
				);
				GCC_WARN_64_TO_32_BIT_CONVERSION = YES;
				GCC_WARN_ABOUT_RETURN_TYPE = YES_ERROR;
				GCC_WARN_UNDECLARED_SELECTOR = YES;
				GCC_WARN_UNINITIALIZED_AUTOS = YES_AGGRESSIVE;
				GCC_WARN_UNUSED_FUNCTION = YES;
				GCC_WARN_UNUSED_VARIABLE = YES;
				MACOSX_DEPLOYMENT_TARGET = 10.14;
				MTL_ENABLE_DEBUG_INFO = INCLUDE_SOURCE;
				MTL_FAST_MATH = YES;
				ONLY_ACTIVE_ARCH = YES;
				SDKROOT = macosx;
				SWIFT_ACTIVE_COMPILATION_CONDITIONS = DEBUG;
				SWIFT_OPTIMIZATION_LEVEL = "-Onone";
			};
			name = Debug;
		};
		C757BB3423475A3300D1E072 /* Release */ = {
			isa = XCBuildConfiguration;
			buildSettings = {
				ALWAYS_SEARCH_USER_PATHS = NO;
				CLANG_ANALYZER_NONNULL = YES;
				CLANG_ANALYZER_NUMBER_OBJECT_CONVERSION = YES_AGGRESSIVE;
				CLANG_CXX_LANGUAGE_STANDARD = "gnu++14";
				CLANG_CXX_LIBRARY = "libc++";
				CLANG_ENABLE_MODULES = YES;
				CLANG_ENABLE_OBJC_ARC = YES;
				CLANG_ENABLE_OBJC_WEAK = YES;
				CLANG_WARN_BLOCK_CAPTURE_AUTORELEASING = YES;
				CLANG_WARN_BOOL_CONVERSION = YES;
				CLANG_WARN_COMMA = YES;
				CLANG_WARN_CONSTANT_CONVERSION = YES;
				CLANG_WARN_DEPRECATED_OBJC_IMPLEMENTATIONS = YES;
				CLANG_WARN_DIRECT_OBJC_ISA_USAGE = YES_ERROR;
				CLANG_WARN_DOCUMENTATION_COMMENTS = YES;
				CLANG_WARN_EMPTY_BODY = YES;
				CLANG_WARN_ENUM_CONVERSION = YES;
				CLANG_WARN_INFINITE_RECURSION = YES;
				CLANG_WARN_INT_CONVERSION = YES;
				CLANG_WARN_NON_LITERAL_NULL_CONVERSION = YES;
				CLANG_WARN_OBJC_IMPLICIT_RETAIN_SELF = YES;
				CLANG_WARN_OBJC_LITERAL_CONVERSION = YES;
				CLANG_WARN_OBJC_ROOT_CLASS = YES_ERROR;
				CLANG_WARN_RANGE_LOOP_ANALYSIS = YES;
				CLANG_WARN_STRICT_PROTOTYPES = YES;
				CLANG_WARN_SUSPICIOUS_MOVE = YES;
				CLANG_WARN_UNGUARDED_AVAILABILITY = YES_AGGRESSIVE;
				CLANG_WARN_UNREACHABLE_CODE = YES;
				CLANG_WARN__DUPLICATE_METHOD_MATCH = YES;
				COPY_PHASE_STRIP = NO;
				DEBUG_INFORMATION_FORMAT = "dwarf-with-dsym";
				ENABLE_NS_ASSERTIONS = NO;
				ENABLE_STRICT_OBJC_MSGSEND = YES;
				GCC_C_LANGUAGE_STANDARD = gnu11;
				GCC_NO_COMMON_BLOCKS = YES;
				GCC_WARN_64_TO_32_BIT_CONVERSION = YES;
				GCC_WARN_ABOUT_RETURN_TYPE = YES_ERROR;
				GCC_WARN_UNDECLARED_SELECTOR = YES;
				GCC_WARN_UNINITIALIZED_AUTOS = YES_AGGRESSIVE;
				GCC_WARN_UNUSED_FUNCTION = YES;
				GCC_WARN_UNUSED_VARIABLE = YES;
				MACOSX_DEPLOYMENT_TARGET = 10.14;
				MTL_ENABLE_DEBUG_INFO = NO;
				MTL_FAST_MATH = YES;
				SDKROOT = macosx;
				SWIFT_COMPILATION_MODE = wholemodule;
				SWIFT_OPTIMIZATION_LEVEL = "-O";
			};
			name = Release;
		};
		C757BB3623475A3300D1E072 /* Debug */ = {
			isa = XCBuildConfiguration;
			buildSettings = {
				CODE_SIGN_STYLE = Automatic;
				PRODUCT_NAME = "$(TARGET_NAME)";
				SWIFT_VERSION = 5.0;
			};
			name = Debug;
		};
		C757BB3723475A3300D1E072 /* Release */ = {
			isa = XCBuildConfiguration;
			buildSettings = {
				CODE_SIGN_STYLE = Automatic;
				PRODUCT_NAME = "$(TARGET_NAME)";
				SWIFT_VERSION = 5.0;
			};
			name = Release;
		};
/* End XCBuildConfiguration section */

/* Begin XCConfigurationList section */
		C757BB2923475A3300D1E072 /* Build configuration list for PBXProject "RidibooksDRMRemover" */ = {
			isa = XCConfigurationList;
			buildConfigurations = (
				C757BB3323475A3300D1E072 /* Debug */,
				C757BB3423475A3300D1E072 /* Release */,
			);
			defaultConfigurationIsVisible = 0;
			defaultConfigurationName = Release;
		};
		C757BB3523475A3300D1E072 /* Build configuration list for PBXNativeTarget "RidibooksDRMRemover" */ = {
			isa = XCConfigurationList;
			buildConfigurations = (
				C757BB3623475A3300D1E072 /* Debug */,
				C757BB3723475A3300D1E072 /* Release */,
			);
			defaultConfigurationIsVisible = 0;
			defaultConfigurationName = Release;
		};
/* End XCConfigurationList section */

/* Begin XCRemoteSwiftPackageReference section */
		C72F3B4C23477FE1005E017B /* XCRemoteSwiftPackageReference "Commander" */ = {
			isa = XCRemoteSwiftPackageReference;
			repositoryURL = "https://github.com/kylef/Commander";
			requirement = {
				kind = upToNextMajorVersion;
				minimumVersion = 0.9.1;
			};
		};
		C757BB3823475DB700D1E072 /* XCRemoteSwiftPackageReference "CryptoSwift" */ = {
			isa = XCRemoteSwiftPackageReference;
			repositoryURL = "https://github.com/krzyzanowskim/CryptoSwift";
			requirement = {
				kind = upToNextMajorVersion;
				minimumVersion = 1.0.0;
			};
		};
		C757BB3B23476BF300D1E072 /* XCRemoteSwiftPackageReference "ZIPFoundation" */ = {
			isa = XCRemoteSwiftPackageReference;
			repositoryURL = "https://github.com/weichsel/ZIPFoundation";
			requirement = {
				kind = upToNextMajorVersion;
				minimumVersion = 0.9.9;
			};
		};
/* End XCRemoteSwiftPackageReference section */

/* Begin XCSwiftPackageProductDependency section */
		C72F3B4D23477FE1005E017B /* Commander */ = {
			isa = XCSwiftPackageProductDependency;
			package = C72F3B4C23477FE1005E017B /* XCRemoteSwiftPackageReference "Commander" */;
			productName = Commander;
		};
		C757BB3923475DB700D1E072 /* CryptoSwift */ = {
			isa = XCSwiftPackageProductDependency;
			package = C757BB3823475DB700D1E072 /* XCRemoteSwiftPackageReference "CryptoSwift" */;
			productName = CryptoSwift;
		};
		C757BB3C23476BF300D1E072 /* ZIPFoundation */ = {
			isa = XCSwiftPackageProductDependency;
			package = C757BB3B23476BF300D1E072 /* XCRemoteSwiftPackageReference "ZIPFoundation" */;
			productName = ZIPFoundation;
		};
/* End XCSwiftPackageProductDependency section */
	};
	rootObject = C757BB2623475A3300D1E072 /* Project object */;
}
